
Microsoft Visual Studio Solution File, Format Version 12.00
# Visual Studio 14
VisualStudioVersion = 14.0.24627.0
MinimumVisualStudioVersion = 10.0.40219.1
Project("{FAE04EC0-301F-11D3-BF4B-00C04F79EFBC}") = "Linear.Core", "Linear.Core\Linear.Core.csproj", "{AF670D8F-D3A3-4D04-9FFF-9DFE8A24BEDC}"
EndProject
Project("{FAE04EC0-301F-11D3-BF4B-00C04F79EFBC}") = "Linear.Core.Tests.Unit", "Linear.Core.Tests.Unit\Linear.Core.Tests.Unit.csproj", "{69BF4553-1172-4026-BA88-1CBB8AE00A33}"
EndProject
Global
	GlobalSection(SolutionConfigurationPlatforms) = preSolution
		Debug|Any CPU = Debug|Any CPU
		Release|Any CPU = Release|Any CPU
	EndGlobalSection
	GlobalSection(ProjectConfigurationPlatforms) = postSolution
		{AF670D8F-D3A3-4D04-9FFF-9DFE8A24BEDC}.Debug|Any CPU.ActiveCfg = Debug|Any CPU
		{AF670D8F-D3A3-4D04-9FFF-9DFE8A24BEDC}.Debug|Any CPU.Build.0 = Debug|Any CPU
		{AF670D8F-D3A3-4D04-9FFF-9DFE8A24BEDC}.Release|Any CPU.ActiveCfg = Release|Any CPU
		{AF670D8F-D3A3-4D04-9FFF-9DFE8A24BEDC}.Release|Any CPU.Build.0 = Release|Any CPU
		{69BF4553-1172-4026-BA88-1CBB8AE00A33}.Debug|Any CPU.ActiveCfg = Debug|Any CPU
		{69BF4553-1172-4026-BA88-1CBB8AE00A33}.Debug|Any CPU.Build.0 = Debug|Any CPU
		{69BF4553-1172-4026-BA88-1CBB8AE00A33}.Release|Any CPU.ActiveCfg = Release|Any CPU
		{69BF4553-1172-4026-BA88-1CBB8AE00A33}.Release|Any CPU.Build.0 = Release|Any CPU
	EndGlobalSection
	GlobalSection(SolutionProperties) = preSolution
		HideSolutionNode = FALSE
	EndGlobalSection
EndGlobal
