
Microsoft Visual Studio Solution File, Format Version 12.00
# Visual Studio 14
VisualStudioVersion = 14.0.23107.0
MinimumVisualStudioVersion = 10.0.40219.1
Project("{2150E333-8FDC-42A3-9474-1A3956D46DE8}") = "Tests", "Tests", "{E59EEBD3-BC5D-4A9D-8513-057699AE6E90}"
EndProject
Project("{2150E333-8FDC-42A3-9474-1A3956D46DE8}") = "Unit", "Unit", "{15D46023-5003-4434-9772-6075964FDFA7}"
EndProject
Project("{2150E333-8FDC-42A3-9474-1A3956D46DE8}") = "Integration", "Integration", "{4811BE32-5708-4BF0-B924-8268B10E861C}"
EndProject
Project("{FAE04EC0-301F-11D3-BF4B-00C04F79EFBC}") = "Linear", "Linear\Linear.csproj", "{AF670D8F-D3A3-4D04-9FFF-9DFE8A24BEDC}"
EndProject
Project("{FAE04EC0-301F-11D3-BF4B-00C04F79EFBC}") = "Linear.Tests.Unit", "Linear.Tests.Unit\Linear.Tests.Unit.csproj", "{69BF4553-1172-4026-BA88-1CBB8AE00A33}"
EndProject
Project("{FAE04EC0-301F-11D3-BF4B-00C04F79EFBC}") = "Linear.SqlServer", "Linear.SqlServer\Linear.SqlServer.csproj", "{1EEBF8F4-217E-41A3-800A-FBA5698B7AC0}"
EndProject
Project("{FAE04EC0-301F-11D3-BF4B-00C04F79EFBC}") = "Linear.SqlServer.Tests.Unit", "Linear.SqlServer.Tests.Unit\Linear.SqlServer.Tests.Unit.csproj", "{B89C16D9-C2B6-44BF-806E-3A5DB264B496}"
EndProject
Project("{FAE04EC0-301F-11D3-BF4B-00C04F79EFBC}") = "Linear.SqlServer.Tests.Integration", "Linear.SqlServer.Tests.Integration\Linear.SqlServer.Tests.Integration.csproj", "{0C425515-DCE4-4867-880C-70FF59785A2B}"
EndProject
Global
	GlobalSection(SolutionConfigurationPlatforms) = preSolution
		Debug|Any CPU = Debug|Any CPU
		Release|Any CPU = Release|Any CPU
	EndGlobalSection
	GlobalSection(ProjectConfigurationPlatforms) = postSolution
		{AF670D8F-D3A3-4D04-9FFF-9DFE8A24BEDC}.Debug|Any CPU.ActiveCfg = Debug|Any CPU
		{AF670D8F-D3A3-4D04-9FFF-9DFE8A24BEDC}.Debug|Any CPU.Build.0 = Debug|Any CPU
		{AF670D8F-D3A3-4D04-9FFF-9DFE8A24BEDC}.Release|Any CPU.ActiveCfg = Release|Any CPU
		{AF670D8F-D3A3-4D04-9FFF-9DFE8A24BEDC}.Release|Any CPU.Build.0 = Release|Any CPU
		{69BF4553-1172-4026-BA88-1CBB8AE00A33}.Debug|Any CPU.ActiveCfg = Debug|Any CPU
		{69BF4553-1172-4026-BA88-1CBB8AE00A33}.Debug|Any CPU.Build.0 = Debug|Any CPU
		{69BF4553-1172-4026-BA88-1CBB8AE00A33}.Release|Any CPU.ActiveCfg = Release|Any CPU
		{69BF4553-1172-4026-BA88-1CBB8AE00A33}.Release|Any CPU.Build.0 = Release|Any CPU
		{1EEBF8F4-217E-41A3-800A-FBA5698B7AC0}.Debug|Any CPU.ActiveCfg = Debug|Any CPU
		{1EEBF8F4-217E-41A3-800A-FBA5698B7AC0}.Debug|Any CPU.Build.0 = Debug|Any CPU
		{1EEBF8F4-217E-41A3-800A-FBA5698B7AC0}.Release|Any CPU.ActiveCfg = Release|Any CPU
		{1EEBF8F4-217E-41A3-800A-FBA5698B7AC0}.Release|Any CPU.Build.0 = Release|Any CPU
		{B89C16D9-C2B6-44BF-806E-3A5DB264B496}.Debug|Any CPU.ActiveCfg = Debug|Any CPU
		{B89C16D9-C2B6-44BF-806E-3A5DB264B496}.Debug|Any CPU.Build.0 = Debug|Any CPU
		{B89C16D9-C2B6-44BF-806E-3A5DB264B496}.Release|Any CPU.ActiveCfg = Release|Any CPU
		{B89C16D9-C2B6-44BF-806E-3A5DB264B496}.Release|Any CPU.Build.0 = Release|Any CPU
		{0C425515-DCE4-4867-880C-70FF59785A2B}.Debug|Any CPU.ActiveCfg = Debug|Any CPU
		{0C425515-DCE4-4867-880C-70FF59785A2B}.Debug|Any CPU.Build.0 = Debug|Any CPU
		{0C425515-DCE4-4867-880C-70FF59785A2B}.Release|Any CPU.ActiveCfg = Release|Any CPU
		{0C425515-DCE4-4867-880C-70FF59785A2B}.Release|Any CPU.Build.0 = Release|Any CPU
	EndGlobalSection
	GlobalSection(SolutionProperties) = preSolution
		HideSolutionNode = FALSE
	EndGlobalSection
	GlobalSection(NestedProjects) = preSolution
		{15D46023-5003-4434-9772-6075964FDFA7} = {E59EEBD3-BC5D-4A9D-8513-057699AE6E90}
		{4811BE32-5708-4BF0-B924-8268B10E861C} = {E59EEBD3-BC5D-4A9D-8513-057699AE6E90}
		{69BF4553-1172-4026-BA88-1CBB8AE00A33} = {15D46023-5003-4434-9772-6075964FDFA7}
		{B89C16D9-C2B6-44BF-806E-3A5DB264B496} = {15D46023-5003-4434-9772-6075964FDFA7}
		{0C425515-DCE4-4867-880C-70FF59785A2B} = {4811BE32-5708-4BF0-B924-8268B10E861C}
	EndGlobalSection
EndGlobal
