
Microsoft Visual Studio Solution File, Format Version 12.00
# Visual Studio 14
VisualStudioVersion = 14.0.23107.0
MinimumVisualStudioVersion = 10.0.40219.1
Project("{FAE04EC0-301F-11D3-BF4B-00C04F79EFBC}") = "Linear.Relational.SqlServer", "Linear.Relational.SqlServer\Linear.Relational.SqlServer.csproj", "{B74919A4-5295-4461-B4A7-9D6682767BE2}"
EndProject
Project("{2150E333-8FDC-42A3-9474-1A3956D46DE8}") = "Tests", "Tests", "{E59EEBD3-BC5D-4A9D-8513-057699AE6E90}"
EndProject
Project("{2150E333-8FDC-42A3-9474-1A3956D46DE8}") = "Unit", "Unit", "{15D46023-5003-4434-9772-6075964FDFA7}"
EndProject
Project("{2150E333-8FDC-42A3-9474-1A3956D46DE8}") = "Integration", "Integration", "{4811BE32-5708-4BF0-B924-8268B10E861C}"
EndProject
Project("{FAE04EC0-301F-11D3-BF4B-00C04F79EFBC}") = "Linear.Relational.SqlServer.Tests.Integration", "Linear.Relational.SqlServer.Tests.Integration\Linear.Relational.SqlServer.Tests.Integration.csproj", "{C056A564-D7C9-4E46-B004-E24C50C0182B}"
EndProject
Project("{FAE04EC0-301F-11D3-BF4B-00C04F79EFBC}") = "Linear.Relational.SqlServer.Tests.Unit", "Linear.Relational.SqlServer.Tests.Unit\Linear.Relational.SqlServer.Tests.Unit.csproj", "{7BD8AAF5-67F2-424A-A39F-5D0D602835ED}"
EndProject
Project("{FAE04EC0-301F-11D3-BF4B-00C04F79EFBC}") = "Linear", "Linear\Linear.csproj", "{AF670D8F-D3A3-4D04-9FFF-9DFE8A24BEDC}"
EndProject
Project("{FAE04EC0-301F-11D3-BF4B-00C04F79EFBC}") = "Linear.Tests.Unit", "Linear.Tests.Unit\Linear.Tests.Unit.csproj", "{69BF4553-1172-4026-BA88-1CBB8AE00A33}"
EndProject
Global
	GlobalSection(SolutionConfigurationPlatforms) = preSolution
		Debug|Any CPU = Debug|Any CPU
		Release|Any CPU = Release|Any CPU
	EndGlobalSection
	GlobalSection(ProjectConfigurationPlatforms) = postSolution
		{B74919A4-5295-4461-B4A7-9D6682767BE2}.Debug|Any CPU.ActiveCfg = Debug|Any CPU
		{B74919A4-5295-4461-B4A7-9D6682767BE2}.Debug|Any CPU.Build.0 = Debug|Any CPU
		{B74919A4-5295-4461-B4A7-9D6682767BE2}.Release|Any CPU.ActiveCfg = Release|Any CPU
		{B74919A4-5295-4461-B4A7-9D6682767BE2}.Release|Any CPU.Build.0 = Release|Any CPU
		{C056A564-D7C9-4E46-B004-E24C50C0182B}.Debug|Any CPU.ActiveCfg = Debug|Any CPU
		{C056A564-D7C9-4E46-B004-E24C50C0182B}.Debug|Any CPU.Build.0 = Debug|Any CPU
		{C056A564-D7C9-4E46-B004-E24C50C0182B}.Release|Any CPU.ActiveCfg = Release|Any CPU
		{C056A564-D7C9-4E46-B004-E24C50C0182B}.Release|Any CPU.Build.0 = Release|Any CPU
		{7BD8AAF5-67F2-424A-A39F-5D0D602835ED}.Debug|Any CPU.ActiveCfg = Debug|Any CPU
		{7BD8AAF5-67F2-424A-A39F-5D0D602835ED}.Debug|Any CPU.Build.0 = Debug|Any CPU
		{7BD8AAF5-67F2-424A-A39F-5D0D602835ED}.Release|Any CPU.ActiveCfg = Release|Any CPU
		{7BD8AAF5-67F2-424A-A39F-5D0D602835ED}.Release|Any CPU.Build.0 = Release|Any CPU
		{AF670D8F-D3A3-4D04-9FFF-9DFE8A24BEDC}.Debug|Any CPU.ActiveCfg = Debug|Any CPU
		{AF670D8F-D3A3-4D04-9FFF-9DFE8A24BEDC}.Debug|Any CPU.Build.0 = Debug|Any CPU
		{AF670D8F-D3A3-4D04-9FFF-9DFE8A24BEDC}.Release|Any CPU.ActiveCfg = Release|Any CPU
		{AF670D8F-D3A3-4D04-9FFF-9DFE8A24BEDC}.Release|Any CPU.Build.0 = Release|Any CPU
		{69BF4553-1172-4026-BA88-1CBB8AE00A33}.Debug|Any CPU.ActiveCfg = Debug|Any CPU
		{69BF4553-1172-4026-BA88-1CBB8AE00A33}.Debug|Any CPU.Build.0 = Debug|Any CPU
		{69BF4553-1172-4026-BA88-1CBB8AE00A33}.Release|Any CPU.ActiveCfg = Release|Any CPU
		{69BF4553-1172-4026-BA88-1CBB8AE00A33}.Release|Any CPU.Build.0 = Release|Any CPU
	EndGlobalSection
	GlobalSection(SolutionProperties) = preSolution
		HideSolutionNode = FALSE
	EndGlobalSection
	GlobalSection(NestedProjects) = preSolution
		{15D46023-5003-4434-9772-6075964FDFA7} = {E59EEBD3-BC5D-4A9D-8513-057699AE6E90}
		{4811BE32-5708-4BF0-B924-8268B10E861C} = {E59EEBD3-BC5D-4A9D-8513-057699AE6E90}
		{C056A564-D7C9-4E46-B004-E24C50C0182B} = {4811BE32-5708-4BF0-B924-8268B10E861C}
		{7BD8AAF5-67F2-424A-A39F-5D0D602835ED} = {15D46023-5003-4434-9772-6075964FDFA7}
		{69BF4553-1172-4026-BA88-1CBB8AE00A33} = {15D46023-5003-4434-9772-6075964FDFA7}
	EndGlobalSection
EndGlobal
